
Microsoft Visual Studio Solution File, Format Version 12.00
# Visual Studio Version 17
VisualStudioVersion = 17.4.33213.308
MinimumVisualStudioVersion = 10.0.40219.1
Project("{9A19103F-16F7-4668-BE54-9A1E7A4F7556}") = "WebAssembly", "WebAssembly\WebAssembly.csproj", "{9AA193CC-6A40-49E4-8692-F2201640734D}"
EndProject
Project("{9A19103F-16F7-4668-BE54-9A1E7A4F7556}") = "Shared", "Shared\Shared.csproj", "{7002FBD0-15CF-44B5-9AF3-6CB95207581C}"
EndProject
Project("{FAE04EC0-301F-11D3-BF4B-00C04F79EFBC}") = "WebAssembly.Infrastructure", "WebAssembly.Infrastructure\WebAssembly.Infrastructure.csproj", "{6AA0A03D-A9F2-4973-909F-52D9AB1FF1BD}"
EndProject
Global
	GlobalSection(SolutionConfigurationPlatforms) = preSolution
		Debug|Any CPU = Debug|Any CPU
		Release|Any CPU = Release|Any CPU
	EndGlobalSection
	GlobalSection(ProjectConfigurationPlatforms) = postSolution
		{9AA193CC-6A40-49E4-8692-F2201640734D}.Debug|Any CPU.ActiveCfg = Debug|Any CPU
		{9AA193CC-6A40-49E4-8692-F2201640734D}.Debug|Any CPU.Build.0 = Debug|Any CPU
		{9AA193CC-6A40-49E4-8692-F2201640734D}.Release|Any CPU.ActiveCfg = Release|Any CPU
		{9AA193CC-6A40-49E4-8692-F2201640734D}.Release|Any CPU.Build.0 = Release|Any CPU
		{7002FBD0-15CF-44B5-9AF3-6CB95207581C}.Debug|Any CPU.ActiveCfg = Debug|Any CPU
		{7002FBD0-15CF-44B5-9AF3-6CB95207581C}.Debug|Any CPU.Build.0 = Debug|Any CPU
		{7002FBD0-15CF-44B5-9AF3-6CB95207581C}.Release|Any CPU.ActiveCfg = Release|Any CPU
		{7002FBD0-15CF-44B5-9AF3-6CB95207581C}.Release|Any CPU.Build.0 = Release|Any CPU
		{6AA0A03D-A9F2-4973-909F-52D9AB1FF1BD}.Debug|Any CPU.ActiveCfg = Debug|Any CPU
		{6AA0A03D-A9F2-4973-909F-52D9AB1FF1BD}.Debug|Any CPU.Build.0 = Debug|Any CPU
		{6AA0A03D-A9F2-4973-909F-52D9AB1FF1BD}.Release|Any CPU.ActiveCfg = Release|Any CPU
		{6AA0A03D-A9F2-4973-909F-52D9AB1FF1BD}.Release|Any CPU.Build.0 = Release|Any CPU
	EndGlobalSection
	GlobalSection(SolutionProperties) = preSolution
		HideSolutionNode = FALSE
	EndGlobalSection
	GlobalSection(ExtensibilityGlobals) = postSolution
		SolutionGuid = {571BE1C0-A4CC-4D93-8112-CCA15F8EA4CF}
	EndGlobalSection
EndGlobal
